github.com/gomarkdown/markdown v0.0.0-20200316172748-fd1f3374857d h1:cFE/VFoUSjvIjrkI3YHGUYReJTIPN4fl2etwblBZfgg=
github.com/gomarkdown/markdown v0.0.0-20200316172748-fd1f3374857d/go.mod h1:aii0r/K0ZnHv7G0KF7xy1v0A7s2Ljrb5byB7MO5p6TU=
github.com/laher/markdownfmt v0.0.0-20200417233105-05dee8011041 h1:vc2KK+ybrl23E7czavvJU5tzxePxi1Kokc0K3adkf5k=
github.com/laher/markdownfmt v0.0.0-20200417233105-05dee8011041/go.mod h1:FAcj8jgGXc1yHaNpdxfC+adTCI53twWvP5so9CS2ZXQ=
github.com/mattn/go-runewidth v0.0.9 h1:Lm995f3rfxdpd6TSmuVCHVb/QhupuXlYr8sCI/QdE+0=
github.com/mattn/go-runewidth v0.0.9/go.mod h1:H031xJmbD/WCDINGzjvQ9THkh0rPKHF+m2gUSrubnMI=
github.com/pmezard/go-difflib v1.0.0/go.mod h1:iKH77koFhYxTK1pcRnkKkqfTogsbg7gZNVY4sRDYZ/4=
github.com/russross/blackfriday v1.5.2 h1:HyvC0ARfnZBqnXwABFeSZHpKvJHJJfPz81GNueLj0oo=
github.com/russross/blackfriday v1.5.3-0.20190124082335-a477dd164691 h1:auJkuUc4uOuZNoH9jGLvqVaDLiuCOh/LY+Qw5NBFo4I=
github.com/russross/blackfriday v1.5.3-0.20190124082335-a477dd164691/go.mod h1:JO/DiYxRf+HjHt06OyowR9PTA263kcR/rfWxYHBV53g=
github.com/russross/blackfriday/v2 v2.0.1 h1:lPqVAte+HuHNfhJ/0LC98ESWRz8afy9tM/0RK8m9o+Q=
github.com/russross/blackfriday/v2 v2.0.1/go.mod h1:+Rmxgy9KzJVeS9/2gXHxylqXiyQDYRxCVz55jmeOWTM=
github.com/shurcooL/go v0.0.0-20191216061654-b114cc39af9f h1:gvOuVMIvQ0Ca/afBH/YBfp5f2RWb92DbAI5EjwoFLuc=
github.com/shurcooL/go v0.0.0-20191216061654-b114cc39af9f/go.mod h1:TDJrrUr11Vxrven61rcy3hJMUqaf/CLWYhHNPmT14Lk=
github.com/shurcooL/markdownfmt v0.0.0-20191117054414-21fe95c248e9 h1:Kby6B97HHCn9SucnlabXvz5DJdy+aKPhFGNM9G98L2E=
github.com/shurcooL/markdownfmt v0.0.0-20191117054414-21fe95c248e9/go.mod h1:wwC6+1FOCAA/hK8+pmBir20vneHxr8Nh0OGQNkyo2a8=
github.com/shurcooL/sanitized_anchor_name v1.0.0 h1:PdmoCO6wvbs+7yrJyMORt4/BmY5IYyJwS/kOiWx8mHo=
github.com/shurcooL/sanitized_anchor_name v1.0.0/go.mod h1:1NzhyTcUVG4SuEtjjoZeVRXNmyL/1OwPU0+IJeTBvfc=
golang.org/dl v0.0.0-20190829154251-82a15e2f2ead/go.mod h1:IUMfjQLJQd4UTqG1Z90tenwKoCX93Gn3MAQJMOSBsDQ=
golang.org/x/crypto v0.0.0-20190308221718-c2843e01d9a2/go.mod h1:djNgcEr1/C05ACkg1iLfiJU5Ep61QUkGW8qpdssI0+w=
golang.org/x/crypto v0.0.0-20200414173820-0848c9571904/go.mod h1:LzIPMQfyMNhhGPhUkYOs5KpL4U8rLKemX1yGLhDgUto=
golang.org/x/net v0.0.0-20190404232315-eb5bcb51f2a3/go.mod h1:t9HGtf8HONx5eT2rtn7q6eTqICYqUVnKs3thJo3Qplg=
golang.org/x/sys v0.0.0-20190215142949-d0b11bdaac8a/go.mod h1:STP8DvDyc/dI5b8T5hshtkjS+E42TnysNCUPdjciGhY=
golang.org/x/sys v0.0.0-20190412213103-97732733099d/go.mod h1:h1NjWce9XRLGQEsW7wpKNCjG9DtNlClVuFLEZdDNbEs=
golang.org/x/text v0.3.0/go.mod h1:NqM8EUOU14njkJ3fqMW+pc6Ldnwhi/IjpwHt7yyuwOQ=
